// !$*UTF8*$!
{
	archiveVersion = 1;
	classes = {
	};
	objectVersion = 46;
	objects = {

/* Begin PBXBuildFile section */
		740F9A151BE34D6700035FB9 /* AppDelegate.swift in Sources */ = {isa = PBXBuildFile; fileRef = 740F9A141BE34D6700035FB9 /* AppDelegate.swift */; };
		740F9A171BE34D6700035FB9 /* ViewController.swift in Sources */ = {isa = PBXBuildFile; fileRef = 740F9A161BE34D6700035FB9 /* ViewController.swift */; };
		740F9A1C1BE34D6700035FB9 /* Assets.xcassets in Resources */ = {isa = PBXBuildFile; fileRef = 740F9A1B1BE34D6700035FB9 /* Assets.xcassets */; };
		740F9A2A1BE34D6700035FB9 /* enphaseTests.swift in Sources */ = {isa = PBXBuildFile; fileRef = 740F9A291BE34D6700035FB9 /* enphaseTests.swift */; };
		740F9A351BE34D6700035FB9 /* enphaseUITests.swift in Sources */ = {isa = PBXBuildFile; fileRef = 740F9A341BE34D6700035FB9 /* enphaseUITests.swift */; };
		740F9A3A1BE34D6700035FB9 /* enphase WatchKit App.app in Embed Watch Content */ = {isa = PBXBuildFile; fileRef = 740F9A391BE34D6700035FB9 /* enphase WatchKit App.app */; };
		740F9A401BE34D6700035FB9 /* Interface.storyboard in Resources */ = {isa = PBXBuildFile; fileRef = 740F9A3E1BE34D6700035FB9 /* Interface.storyboard */; };
		740F9A421BE34D6700035FB9 /* Assets.xcassets in Resources */ = {isa = PBXBuildFile; fileRef = 740F9A411BE34D6700035FB9 /* Assets.xcassets */; };
		740F9A491BE34D6800035FB9 /* enphase WatchKit Extension.appex in Embed App Extensions */ = {isa = PBXBuildFile; fileRef = 740F9A481BE34D6800035FB9 /* enphase WatchKit Extension.appex */; settings = {ATTRIBUTES = (RemoveHeadersOnCopy, ); }; };
		740F9A501BE34D6800035FB9 /* InterfaceController.swift in Sources */ = {isa = PBXBuildFile; fileRef = 740F9A4F1BE34D6800035FB9 /* InterfaceController.swift */; };
		740F9A521BE34D6800035FB9 /* ExtensionDelegate.swift in Sources */ = {isa = PBXBuildFile; fileRef = 740F9A511BE34D6800035FB9 /* ExtensionDelegate.swift */; };
		740F9A541BE34D6800035FB9 /* NotificationController.swift in Sources */ = {isa = PBXBuildFile; fileRef = 740F9A531BE34D6800035FB9 /* NotificationController.swift */; };
		740F9A561BE34D6800035FB9 /* GlanceController.swift in Sources */ = {isa = PBXBuildFile; fileRef = 740F9A551BE34D6800035FB9 /* GlanceController.swift */; };
		740F9A581BE34D6800035FB9 /* ComplicationController.swift in Sources */ = {isa = PBXBuildFile; fileRef = 740F9A571BE34D6800035FB9 /* ComplicationController.swift */; };
		740F9A5A1BE34D6800035FB9 /* Assets.xcassets in Resources */ = {isa = PBXBuildFile; fileRef = 740F9A591BE34D6800035FB9 /* Assets.xcassets */; };
		740F9A701BE34DAF00035FB9 /* SolarData.swift in Sources */ = {isa = PBXBuildFile; fileRef = 740F9A6F1BE34DAF00035FB9 /* SolarData.swift */; };
		740F9A721BE34F2F00035FB9 /* data.json in Resources */ = {isa = PBXBuildFile; fileRef = 740F9A711BE34F2F00035FB9 /* data.json */; };
		74D28D9E1BE54D380086B3A1 /* LaunchScreen.storyboard in Resources */ = {isa = PBXBuildFile; fileRef = 74D28D9D1BE54D380086B3A1 /* LaunchScreen.storyboard */; };
		74D28DA01BE54E150086B3A1 /* Storyboard.storyboard in Resources */ = {isa = PBXBuildFile; fileRef = 74D28D9F1BE54E150086B3A1 /* Storyboard.storyboard */; };
/* End PBXBuildFile section */

/* Begin PBXContainerItemProxy section */
		740F9A261BE34D6700035FB9 /* PBXContainerItemProxy */ = {
			isa = PBXContainerItemProxy;
			containerPortal = 740F9A091BE34D6700035FB9 /* Project object */;
			proxyType = 1;
			remoteGlobalIDString = 740F9A101BE34D6700035FB9;
			remoteInfo = enphase;
		};
		740F9A311BE34D6700035FB9 /* PBXContainerItemProxy */ = {
			isa = PBXContainerItemProxy;
			containerPortal = 740F9A091BE34D6700035FB9 /* Project object */;
			proxyType = 1;
			remoteGlobalIDString = 740F9A101BE34D6700035FB9;
			remoteInfo = enphase;
		};
		740F9A3B1BE34D6700035FB9 /* PBXContainerItemProxy */ = {
			isa = PBXContainerItemProxy;
			containerPortal = 740F9A091BE34D6700035FB9 /* Project object */;
			proxyType = 1;
			remoteGlobalIDString = 740F9A381BE34D6700035FB9;
			remoteInfo = "enphase WatchKit App";
		};
		740F9A4A1BE34D6800035FB9 /* PBXContainerItemProxy */ = {
			isa = PBXContainerItemProxy;
			containerPortal = 740F9A091BE34D6700035FB9 /* Project object */;
			proxyType = 1;
			remoteGlobalIDString = 740F9A471BE34D6800035FB9;
			remoteInfo = "enphase WatchKit Extension";
		};
/* End PBXContainerItemProxy section */

/* Begin PBXCopyFilesBuildPhase section */
		740F9A611BE34D6800035FB9 /* Embed App Extensions */ = {
			isa = PBXCopyFilesBuildPhase;
			buildActionMask = 2147483647;
			dstPath = "";
			dstSubfolderSpec = 13;
			files = (
				740F9A491BE34D6800035FB9 /* enphase WatchKit Extension.appex in Embed App Extensions */,
			);
			name = "Embed App Extensions";
			runOnlyForDeploymentPostprocessing = 0;
		};
		740F9A651BE34D6800035FB9 /* Embed Watch Content */ = {
			isa = PBXCopyFilesBuildPhase;
			buildActionMask = 2147483647;
			dstPath = "$(CONTENTS_FOLDER_PATH)/Watch";
			dstSubfolderSpec = 16;
			files = (
				740F9A3A1BE34D6700035FB9 /* enphase WatchKit App.app in Embed Watch Content */,
			);
			name = "Embed Watch Content";
			runOnlyForDeploymentPostprocessing = 0;
		};
/* End PBXCopyFilesBuildPhase section */

/* Begin PBXFileReference section */
		740F9A111BE34D6700035FB9 /* enphase.app */ = {isa = PBXFileReference; explicitFileType = wrapper.application; includeInIndex = 0; path = enphase.app; sourceTree = BUILT_PRODUCTS_DIR; };
		740F9A141BE34D6700035FB9 /* AppDelegate.swift */ = {isa = PBXFileReference; lastKnownFileType = sourcecode.swift; path = AppDelegate.swift; sourceTree = "<group>"; };
		740F9A161BE34D6700035FB9 /* ViewController.swift */ = {isa = PBXFileReference; lastKnownFileType = sourcecode.swift; path = ViewController.swift; sourceTree = "<group>"; };
		740F9A1B1BE34D6700035FB9 /* Assets.xcassets */ = {isa = PBXFileReference; lastKnownFileType = folder.assetcatalog; path = Assets.xcassets; sourceTree = "<group>"; };
		740F9A201BE34D6700035FB9 /* Info.plist */ = {isa = PBXFileReference; lastKnownFileType = text.plist.xml; path = Info.plist; sourceTree = "<group>"; };
		740F9A251BE34D6700035FB9 /* enphaseTests.xctest */ = {isa = PBXFileReference; explicitFileType = wrapper.cfbundle; includeInIndex = 0; path = enphaseTests.xctest; sourceTree = BUILT_PRODUCTS_DIR; };
		740F9A291BE34D6700035FB9 /* enphaseTests.swift */ = {isa = PBXFileReference; lastKnownFileType = sourcecode.swift; path = enphaseTests.swift; sourceTree = "<group>"; };
		740F9A2B1BE34D6700035FB9 /* Info.plist */ = {isa = PBXFileReference; lastKnownFileType = text.plist.xml; path = Info.plist; sourceTree = "<group>"; };
		740F9A301BE34D6700035FB9 /* enphaseUITests.xctest */ = {isa = PBXFileReference; explicitFileType = wrapper.cfbundle; includeInIndex = 0; path = enphaseUITests.xctest; sourceTree = BUILT_PRODUCTS_DIR; };
		740F9A341BE34D6700035FB9 /* enphaseUITests.swift */ = {isa = PBXFileReference; lastKnownFileType = sourcecode.swift; path = enphaseUITests.swift; sourceTree = "<group>"; };
		740F9A361BE34D6700035FB9 /* Info.plist */ = {isa = PBXFileReference; lastKnownFileType = text.plist.xml; path = Info.plist; sourceTree = "<group>"; };
		740F9A391BE34D6700035FB9 /* enphase WatchKit App.app */ = {isa = PBXFileReference; explicitFileType = wrapper.application; includeInIndex = 0; path = "enphase WatchKit App.app"; sourceTree = BUILT_PRODUCTS_DIR; };
		740F9A3F1BE34D6700035FB9 /* Base */ = {isa = PBXFileReference; lastKnownFileType = file.storyboard; name = Base; path = Base.lproj/Interface.storyboard; sourceTree = "<group>"; };
		740F9A411BE34D6700035FB9 /* Assets.xcassets */ = {isa = PBXFileReference; lastKnownFileType = folder.assetcatalog; path = Assets.xcassets; sourceTree = "<group>"; };
		740F9A431BE34D6700035FB9 /* Info.plist */ = {isa = PBXFileReference; lastKnownFileType = text.plist.xml; path = Info.plist; sourceTree = "<group>"; };
		740F9A481BE34D6800035FB9 /* enphase WatchKit Extension.appex */ = {isa = PBXFileReference; explicitFileType = "wrapper.app-extension"; includeInIndex = 0; path = "enphase WatchKit Extension.appex"; sourceTree = BUILT_PRODUCTS_DIR; };
		740F9A4E1BE34D6800035FB9 /* PushNotificationPayload.apns */ = {isa = PBXFileReference; lastKnownFileType = text; path = PushNotificationPayload.apns; sourceTree = "<group>"; };
		740F9A4F1BE34D6800035FB9 /* InterfaceController.swift */ = {isa = PBXFileReference; lastKnownFileType = sourcecode.swift; path = InterfaceController.swift; sourceTree = "<group>"; };
		740F9A511BE34D6800035FB9 /* ExtensionDelegate.swift */ = {isa = PBXFileReference; lastKnownFileType = sourcecode.swift; path = ExtensionDelegate.swift; sourceTree = "<group>"; };
		740F9A531BE34D6800035FB9 /* NotificationController.swift */ = {isa = PBXFileReference; lastKnownFileType = sourcecode.swift; path = NotificationController.swift; sourceTree = "<group>"; };
		740F9A551BE34D6800035FB9 /* GlanceController.swift */ = {isa = PBXFileReference; lastKnownFileType = sourcecode.swift; path = GlanceController.swift; sourceTree = "<group>"; };
		740F9A571BE34D6800035FB9 /* ComplicationController.swift */ = {isa = PBXFileReference; lastKnownFileType = sourcecode.swift; path = ComplicationController.swift; sourceTree = "<group>"; };
		740F9A591BE34D6800035FB9 /* Assets.xcassets */ = {isa = PBXFileReference; lastKnownFileType = folder.assetcatalog; path = Assets.xcassets; sourceTree = "<group>"; };
		740F9A5B1BE34D6800035FB9 /* Info.plist */ = {isa = PBXFileReference; lastKnownFileType = text.plist.xml; path = Info.plist; sourceTree = "<group>"; };
		740F9A6F1BE34DAF00035FB9 /* SolarData.swift */ = {isa = PBXFileReference; fileEncoding = 4; lastKnownFileType = sourcecode.swift; path = SolarData.swift; sourceTree = "<group>"; };
		740F9A711BE34F2F00035FB9 /* data.json */ = {isa = PBXFileReference; fileEncoding = 4; lastKnownFileType = text.json; path = data.json; sourceTree = "<group>"; };
		74D28D9D1BE54D380086B3A1 /* LaunchScreen.storyboard */ = {isa = PBXFileReference; fileEncoding = 4; lastKnownFileType = file.storyboard; path = LaunchScreen.storyboard; sourceTree = "<group>"; };
		74D28D9F1BE54E150086B3A1 /* Storyboard.storyboard */ = {isa = PBXFileReference; fileEncoding = 4; lastKnownFileType = file.storyboard; path = Storyboard.storyboard; sourceTree = "<group>"; };
/* End PBXFileReference section */

/* Begin PBXFrameworksBuildPhase section */
		740F9A0E1BE34D6700035FB9 /* Frameworks */ = {
			isa = PBXFrameworksBuildPhase;
			buildActionMask = 2147483647;
			files = (
			);
			runOnlyForDeploymentPostprocessing = 0;
		};
		740F9A221BE34D6700035FB9 /* Frameworks */ = {
			isa = PBXFrameworksBuildPhase;
			buildActionMask = 2147483647;
			files = (
			);
			runOnlyForDeploymentPostprocessing = 0;
		};
		740F9A2D1BE34D6700035FB9 /* Frameworks */ = {
			isa = PBXFrameworksBuildPhase;
			buildActionMask = 2147483647;
			files = (
			);
			runOnlyForDeploymentPostprocessing = 0;
		};
		740F9A451BE34D6800035FB9 /* Frameworks */ = {
			isa = PBXFrameworksBuildPhase;
			buildActionMask = 2147483647;
			files = (
			);
			runOnlyForDeploymentPostprocessing = 0;
		};
/* End PBXFrameworksBuildPhase section */

/* Begin PBXGroup section */
		740F9A081BE34D6700035FB9 = {
			isa = PBXGroup;
			children = (
				740F9A131BE34D6700035FB9 /* enphase */,
				740F9A281BE34D6700035FB9 /* enphaseTests */,
				740F9A331BE34D6700035FB9 /* enphaseUITests */,
				740F9A3D1BE34D6700035FB9 /* enphase WatchKit App */,
				740F9A4C1BE34D6800035FB9 /* enphase WatchKit Extension */,
				740F9A121BE34D6700035FB9 /* Products */,
			);
			sourceTree = "<group>";
		};
		740F9A121BE34D6700035FB9 /* Products */ = {
			isa = PBXGroup;
			children = (
				740F9A111BE34D6700035FB9 /* enphase.app */,
				740F9A251BE34D6700035FB9 /* enphaseTests.xctest */,
				740F9A301BE34D6700035FB9 /* enphaseUITests.xctest */,
				740F9A391BE34D6700035FB9 /* enphase WatchKit App.app */,
				740F9A481BE34D6800035FB9 /* enphase WatchKit Extension.appex */,
			);
			name = Products;
			sourceTree = "<group>";
		};
		740F9A131BE34D6700035FB9 /* enphase */ = {
			isa = PBXGroup;
			children = (
				740F9A141BE34D6700035FB9 /* AppDelegate.swift */,
				740F9A161BE34D6700035FB9 /* ViewController.swift */,
				740F9A1B1BE34D6700035FB9 /* Assets.xcassets */,
				740F9A6F1BE34DAF00035FB9 /* SolarData.swift */,
				740F9A201BE34D6700035FB9 /* Info.plist */,
				74D28D9D1BE54D380086B3A1 /* LaunchScreen.storyboard */,
				74D28D9F1BE54E150086B3A1 /* Storyboard.storyboard */,
			);
			path = enphase;
			sourceTree = "<group>";
		};
		740F9A281BE34D6700035FB9 /* enphaseTests */ = {
			isa = PBXGroup;
			children = (
				740F9A711BE34F2F00035FB9 /* data.json */,
				740F9A291BE34D6700035FB9 /* enphaseTests.swift */,
				740F9A2B1BE34D6700035FB9 /* Info.plist */,
			);
			path = enphaseTests;
			sourceTree = "<group>";
		};
		740F9A331BE34D6700035FB9 /* enphaseUITests */ = {
			isa = PBXGroup;
			children = (
				740F9A341BE34D6700035FB9 /* enphaseUITests.swift */,
				740F9A361BE34D6700035FB9 /* Info.plist */,
			);
			path = enphaseUITests;
			sourceTree = "<group>";
		};
		740F9A3D1BE34D6700035FB9 /* enphase WatchKit App */ = {
			isa = PBXGroup;
			children = (
				740F9A3E1BE34D6700035FB9 /* Interface.storyboard */,
				740F9A411BE34D6700035FB9 /* Assets.xcassets */,
				740F9A431BE34D6700035FB9 /* Info.plist */,
			);
			path = "enphase WatchKit App";
			sourceTree = "<group>";
		};
		740F9A4C1BE34D6800035FB9 /* enphase WatchKit Extension */ = {
			isa = PBXGroup;
			children = (
				740F9A4F1BE34D6800035FB9 /* InterfaceController.swift */,
				740F9A511BE34D6800035FB9 /* ExtensionDelegate.swift */,
				740F9A531BE34D6800035FB9 /* NotificationController.swift */,
				740F9A551BE34D6800035FB9 /* GlanceController.swift */,
				740F9A571BE34D6800035FB9 /* ComplicationController.swift */,
				740F9A591BE34D6800035FB9 /* Assets.xcassets */,
				740F9A5B1BE34D6800035FB9 /* Info.plist */,
				740F9A4D1BE34D6800035FB9 /* Supporting Files */,
			);
			path = "enphase WatchKit Extension";
			sourceTree = "<group>";
		};
		740F9A4D1BE34D6800035FB9 /* Supporting Files */ = {
			isa = PBXGroup;
			children = (
				740F9A4E1BE34D6800035FB9 /* PushNotificationPayload.apns */,
			);
			name = "Supporting Files";
			sourceTree = "<group>";
		};
/* End PBXGroup section */

/* Begin PBXNativeTarget section */
		740F9A101BE34D6700035FB9 /* enphase */ = {
			isa = PBXNativeTarget;
			buildConfigurationList = 740F9A661BE34D6800035FB9 /* Build configuration list for PBXNativeTarget "enphase" */;
			buildPhases = (
				740F9A0D1BE34D6700035FB9 /* Sources */,
				740F9A0E1BE34D6700035FB9 /* Frameworks */,
				740F9A0F1BE34D6700035FB9 /* Resources */,
				740F9A651BE34D6800035FB9 /* Embed Watch Content */,
			);
			buildRules = (
			);
			dependencies = (
				740F9A3C1BE34D6700035FB9 /* PBXTargetDependency */,
			);
			name = enphase;
			productName = enphase;
			productReference = 740F9A111BE34D6700035FB9 /* enphase.app */;
			productType = "com.apple.product-type.application";
		};
		740F9A241BE34D6700035FB9 /* enphaseTests */ = {
			isa = PBXNativeTarget;
			buildConfigurationList = 740F9A691BE34D6800035FB9 /* Build configuration list for PBXNativeTarget "enphaseTests" */;
			buildPhases = (
				740F9A211BE34D6700035FB9 /* Sources */,
				740F9A221BE34D6700035FB9 /* Frameworks */,
				740F9A231BE34D6700035FB9 /* Resources */,
			);
			buildRules = (
			);
			dependencies = (
				740F9A271BE34D6700035FB9 /* PBXTargetDependency */,
			);
			name = enphaseTests;
			productName = enphaseTests;
			productReference = 740F9A251BE34D6700035FB9 /* enphaseTests.xctest */;
			productType = "com.apple.product-type.bundle.unit-test";
		};
		740F9A2F1BE34D6700035FB9 /* enphaseUITests */ = {
			isa = PBXNativeTarget;
			buildConfigurationList = 740F9A6C1BE34D6800035FB9 /* Build configuration list for PBXNativeTarget "enphaseUITests" */;
			buildPhases = (
				740F9A2C1BE34D6700035FB9 /* Sources */,
				740F9A2D1BE34D6700035FB9 /* Frameworks */,
				740F9A2E1BE34D6700035FB9 /* Resources */,
			);
			buildRules = (
			);
			dependencies = (
				740F9A321BE34D6700035FB9 /* PBXTargetDependency */,
			);
			name = enphaseUITests;
			productName = enphaseUITests;
			productReference = 740F9A301BE34D6700035FB9 /* enphaseUITests.xctest */;
			productType = "com.apple.product-type.bundle.ui-testing";
		};
		740F9A381BE34D6700035FB9 /* enphase WatchKit App */ = {
			isa = PBXNativeTarget;
			buildConfigurationList = 740F9A621BE34D6800035FB9 /* Build configuration list for PBXNativeTarget "enphase WatchKit App" */;
			buildPhases = (
				740F9A371BE34D6700035FB9 /* Resources */,
				740F9A611BE34D6800035FB9 /* Embed App Extensions */,
			);
			buildRules = (
			);
			dependencies = (
				740F9A4B1BE34D6800035FB9 /* PBXTargetDependency */,
			);
			name = "enphase WatchKit App";
			productName = "enphase WatchKit App";
			productReference = 740F9A391BE34D6700035FB9 /* enphase WatchKit App.app */;
			productType = "com.apple.product-type.application.watchapp2";
		};
		740F9A471BE34D6800035FB9 /* enphase WatchKit Extension */ = {
			isa = PBXNativeTarget;
			buildConfigurationList = 740F9A5E1BE34D6800035FB9 /* Build configuration list for PBXNativeTarget "enphase WatchKit Extension" */;
			buildPhases = (
				740F9A441BE34D6800035FB9 /* Sources */,
				740F9A451BE34D6800035FB9 /* Frameworks */,
				740F9A461BE34D6800035FB9 /* Resources */,
			);
			buildRules = (
			);
			dependencies = (
			);
			name = "enphase WatchKit Extension";
			productName = "enphase WatchKit Extension";
			productReference = 740F9A481BE34D6800035FB9 /* enphase WatchKit Extension.appex */;
			productType = "com.apple.product-type.watchkit2-extension";
		};
/* End PBXNativeTarget section */

/* Begin PBXProject section */
		740F9A091BE34D6700035FB9 /* Project object */ = {
			isa = PBXProject;
			attributes = {
				LastSwiftUpdateCheck = 0710;
				LastUpgradeCheck = 0710;
				ORGANIZATIONNAME = "Adam Kuert";
				TargetAttributes = {
					740F9A101BE34D6700035FB9 = {
						CreatedOnToolsVersion = 7.1;
						DevelopmentTeam = 8H63CHHEE5;
					};
					740F9A241BE34D6700035FB9 = {
						CreatedOnToolsVersion = 7.1;
						DevelopmentTeam = 8H63CHHEE5;
						TestTargetID = 740F9A101BE34D6700035FB9;
					};
					740F9A2F1BE34D6700035FB9 = {
						CreatedOnToolsVersion = 7.1;
						DevelopmentTeam = 8H63CHHEE5;
						TestTargetID = 740F9A101BE34D6700035FB9;
					};
					740F9A381BE34D6700035FB9 = {
						CreatedOnToolsVersion = 7.1;
						DevelopmentTeam = 8H63CHHEE5;
					};
					740F9A471BE34D6800035FB9 = {
						CreatedOnToolsVersion = 7.1;
						DevelopmentTeam = 8H63CHHEE5;
					};
				};
			};
			buildConfigurationList = 740F9A0C1BE34D6700035FB9 /* Build configuration list for PBXProject "enphase" */;
			compatibilityVersion = "Xcode 3.2";
			developmentRegion = English;
			hasScannedForEncodings = 0;
			knownRegions = (
				en,
				Base,
			);
			mainGroup = 740F9A081BE34D6700035FB9;
			productRefGroup = 740F9A121BE34D6700035FB9 /* Products */;
			projectDirPath = "";
			projectRoot = "";
			targets = (
				740F9A101BE34D6700035FB9 /* enphase */,
				740F9A241BE34D6700035FB9 /* enphaseTests */,
				740F9A2F1BE34D6700035FB9 /* enphaseUITests */,
				740F9A381BE34D6700035FB9 /* enphase WatchKit App */,
				740F9A471BE34D6800035FB9 /* enphase WatchKit Extension */,
			);
		};
/* End PBXProject section */

/* Begin PBXResourcesBuildPhase section */
		740F9A0F1BE34D6700035FB9 /* Resources */ = {
			isa = PBXResourcesBuildPhase;
			buildActionMask = 2147483647;
			files = (
				74D28D9E1BE54D380086B3A1 /* LaunchScreen.storyboard in Resources */,
				740F9A1C1BE34D6700035FB9 /* Assets.xcassets in Resources */,
				74D28DA01BE54E150086B3A1 /* Storyboard.storyboard in Resources */,
			);
			runOnlyForDeploymentPostprocessing = 0;
		};
		740F9A231BE34D6700035FB9 /* Resources */ = {
			isa = PBXResourcesBuildPhase;
			buildActionMask = 2147483647;
			files = (
				740F9A721BE34F2F00035FB9 /* data.json in Resources */,
			);
			runOnlyForDeploymentPostprocessing = 0;
		};
		740F9A2E1BE34D6700035FB9 /* Resources */ = {
			isa = PBXResourcesBuildPhase;
			buildActionMask = 2147483647;
			files = (
			);
			runOnlyForDeploymentPostprocessing = 0;
		};
		740F9A371BE34D6700035FB9 /* Resources */ = {
			isa = PBXResourcesBuildPhase;
			buildActionMask = 2147483647;
			files = (
				740F9A421BE34D6700035FB9 /* Assets.xcassets in Resources */,
				740F9A401BE34D6700035FB9 /* Interface.storyboard in Resources */,
			);
			runOnlyForDeploymentPostprocessing = 0;
		};
		740F9A461BE34D6800035FB9 /* Resources */ = {
			isa = PBXResourcesBuildPhase;
			buildActionMask = 2147483647;
			files = (
				740F9A5A1BE34D6800035FB9 /* Assets.xcassets in Resources */,
			);
			runOnlyForDeploymentPostprocessing = 0;
		};
/* End PBXResourcesBuildPhase section */

/* Begin PBXSourcesBuildPhase section */
		740F9A0D1BE34D6700035FB9 /* Sources */ = {
			isa = PBXSourcesBuildPhase;
			buildActionMask = 2147483647;
			files = (
				740F9A701BE34DAF00035FB9 /* SolarData.swift in Sources */,
				740F9A171BE34D6700035FB9 /* ViewController.swift in Sources */,
				740F9A151BE34D6700035FB9 /* AppDelegate.swift in Sources */,
			);
			runOnlyForDeploymentPostprocessing = 0;
		};
		740F9A211BE34D6700035FB9 /* Sources */ = {
			isa = PBXSourcesBuildPhase;
			buildActionMask = 2147483647;
			files = (
				740F9A2A1BE34D6700035FB9 /* enphaseTests.swift in Sources */,
			);
			runOnlyForDeploymentPostprocessing = 0;
		};
		740F9A2C1BE34D6700035FB9 /* Sources */ = {
			isa = PBXSourcesBuildPhase;
			buildActionMask = 2147483647;
			files = (
				740F9A351BE34D6700035FB9 /* enphaseUITests.swift in Sources */,
			);
			runOnlyForDeploymentPostprocessing = 0;
		};
		740F9A441BE34D6800035FB9 /* Sources */ = {
			isa = PBXSourcesBuildPhase;
			buildActionMask = 2147483647;
			files = (
				740F9A541BE34D6800035FB9 /* NotificationController.swift in Sources */,
				740F9A521BE34D6800035FB9 /* ExtensionDelegate.swift in Sources */,
				740F9A581BE34D6800035FB9 /* ComplicationController.swift in Sources */,
				740F9A501BE34D6800035FB9 /* InterfaceController.swift in Sources */,
				740F9A561BE34D6800035FB9 /* GlanceController.swift in Sources */,
			);
			runOnlyForDeploymentPostprocessing = 0;
		};
/* End PBXSourcesBuildPhase section */

/* Begin PBXTargetDependency section */
		740F9A271BE34D6700035FB9 /* PBXTargetDependency */ = {
			isa = PBXTargetDependency;
			target = 740F9A101BE34D6700035FB9 /* enphase */;
			targetProxy = 740F9A261BE34D6700035FB9 /* PBXContainerItemProxy */;
		};
		740F9A321BE34D6700035FB9 /* PBXTargetDependency */ = {
			isa = PBXTargetDependency;
			target = 740F9A101BE34D6700035FB9 /* enphase */;
			targetProxy = 740F9A311BE34D6700035FB9 /* PBXContainerItemProxy */;
		};
		740F9A3C1BE34D6700035FB9 /* PBXTargetDependency */ = {
			isa = PBXTargetDependency;
			target = 740F9A381BE34D6700035FB9 /* enphase WatchKit App */;
			targetProxy = 740F9A3B1BE34D6700035FB9 /* PBXContainerItemProxy */;
		};
		740F9A4B1BE34D6800035FB9 /* PBXTargetDependency */ = {
			isa = PBXTargetDependency;
			target = 740F9A471BE34D6800035FB9 /* enphase WatchKit Extension */;
			targetProxy = 740F9A4A1BE34D6800035FB9 /* PBXContainerItemProxy */;
		};
/* End PBXTargetDependency section */

/* Begin PBXVariantGroup section */
		740F9A3E1BE34D6700035FB9 /* Interface.storyboard */ = {
			isa = PBXVariantGroup;
			children = (
				740F9A3F1BE34D6700035FB9 /* Base */,
			);
			name = Interface.storyboard;
			sourceTree = "<group>";
		};
/* End PBXVariantGroup section */

/* Begin XCBuildConfiguration section */
		740F9A5C1BE34D6800035FB9 /* Debug */ = {
			isa = XCBuildConfiguration;
			buildSettings = {
				ALWAYS_SEARCH_USER_PATHS = NO;
				CLANG_CXX_LANGUAGE_STANDARD = "gnu++0x";
				CLANG_CXX_LIBRARY = "libc++";
				CLANG_ENABLE_MODULES = YES;
				CLANG_ENABLE_OBJC_ARC = YES;
				CLANG_WARN_BOOL_CONVERSION = YES;
				CLANG_WARN_CONSTANT_CONVERSION = YES;
				CLANG_WARN_DIRECT_OBJC_ISA_USAGE = YES_ERROR;
				CLANG_WARN_EMPTY_BODY = YES;
				CLANG_WARN_ENUM_CONVERSION = YES;
				CLANG_WARN_INT_CONVERSION = YES;
				CLANG_WARN_OBJC_ROOT_CLASS = YES_ERROR;
				CLANG_WARN_UNREACHABLE_CODE = YES;
				CLANG_WARN__DUPLICATE_METHOD_MATCH = YES;
				"CODE_SIGN_IDENTITY[sdk=iphoneos*]" = "iPhone Developer";
				COPY_PHASE_STRIP = NO;
				DEBUG_INFORMATION_FORMAT = dwarf;
				ENABLE_STRICT_OBJC_MSGSEND = YES;
				ENABLE_TESTABILITY = YES;
				GCC_C_LANGUAGE_STANDARD = gnu99;
				GCC_DYNAMIC_NO_PIC = NO;
				GCC_NO_COMMON_BLOCKS = YES;
				GCC_OPTIMIZATION_LEVEL = 0;
				GCC_PREPROCESSOR_DEFINITIONS = (
					"DEBUG=1",
					"$(inherited)",
				);
				GCC_WARN_64_TO_32_BIT_CONVERSION = YES;
				GCC_WARN_ABOUT_RETURN_TYPE = YES_ERROR;
				GCC_WARN_UNDECLARED_SELECTOR = YES;
				GCC_WARN_UNINITIALIZED_AUTOS = YES_AGGRESSIVE;
				GCC_WARN_UNUSED_FUNCTION = YES;
				GCC_WARN_UNUSED_VARIABLE = YES;
				IPHONEOS_DEPLOYMENT_TARGET = 9.1;
				MTL_ENABLE_DEBUG_INFO = YES;
				ONLY_ACTIVE_ARCH = YES;
				SDKROOT = iphoneos;
				SWIFT_OPTIMIZATION_LEVEL = "-Onone";
				TARGETED_DEVICE_FAMILY = "1,2";
			};
			name = Debug;
		};
		740F9A5D1BE34D6800035FB9 /* Release */ = {
			isa = XCBuildConfiguration;
			buildSettings = {
				ALWAYS_SEARCH_USER_PATHS = NO;
				CLANG_CXX_LANGUAGE_STANDARD = "gnu++0x";
				CLANG_CXX_LIBRARY = "libc++";
				CLANG_ENABLE_MODULES = YES;
				CLANG_ENABLE_OBJC_ARC = YES;
				CLANG_WARN_BOOL_CONVERSION = YES;
				CLANG_WARN_CONSTANT_CONVERSION = YES;
				CLANG_WARN_DIRECT_OBJC_ISA_USAGE = YES_ERROR;
				CLANG_WARN_EMPTY_BODY = YES;
				CLANG_WARN_ENUM_CONVERSION = YES;
				CLANG_WARN_INT_CONVERSION = YES;
				CLANG_WARN_OBJC_ROOT_CLASS = YES_ERROR;
				CLANG_WARN_UNREACHABLE_CODE = YES;
				CLANG_WARN__DUPLICATE_METHOD_MATCH = YES;
				"CODE_SIGN_IDENTITY[sdk=iphoneos*]" = "iPhone Developer";
				COPY_PHASE_STRIP = NO;
				DEBUG_INFORMATION_FORMAT = "dwarf-with-dsym";
				ENABLE_NS_ASSERTIONS = NO;
				ENABLE_STRICT_OBJC_MSGSEND = YES;
				GCC_C_LANGUAGE_STANDARD = gnu99;
				GCC_NO_COMMON_BLOCKS = YES;
				GCC_WARN_64_TO_32_BIT_CONVERSION = YES;
				GCC_WARN_ABOUT_RETURN_TYPE = YES_ERROR;
				GCC_WARN_UNDECLARED_SELECTOR = YES;
				GCC_WARN_UNINITIALIZED_AUTOS = YES_AGGRESSIVE;
				GCC_WARN_UNUSED_FUNCTION = YES;
				GCC_WARN_UNUSED_VARIABLE = YES;
				IPHONEOS_DEPLOYMENT_TARGET = 9.1;
				MTL_ENABLE_DEBUG_INFO = NO;
				SDKROOT = iphoneos;
				TARGETED_DEVICE_FAMILY = "1,2";
				VALIDATE_PRODUCT = YES;
			};
			name = Release;
		};
		740F9A5F1BE34D6800035FB9 /* Debug */ = {
			isa = XCBuildConfiguration;
			buildSettings = {
				ASSETCATALOG_COMPILER_COMPLICATION_NAME = Complication;
				INFOPLIST_FILE = "enphase WatchKit Extension/Info.plist";
				LD_RUNPATH_SEARCH_PATHS = "$(inherited) @executable_path/Frameworks @executable_path/../../Frameworks";
				PRODUCT_BUNDLE_IDENTIFIER = net.kuert.enphase.watchkitapp.watchkitextension;
				PRODUCT_NAME = "${TARGET_NAME}";
				SDKROOT = watchos;
				SKIP_INSTALL = YES;
				TARGETED_DEVICE_FAMILY = 4;
				WATCHOS_DEPLOYMENT_TARGET = 2.0;
			};
			name = Debug;
		};
		740F9A601BE34D6800035FB9 /* Release */ = {
			isa = XCBuildConfiguration;
			buildSettings = {
				ASSETCATALOG_COMPILER_COMPLICATION_NAME = Complication;
				INFOPLIST_FILE = "enphase WatchKit Extension/Info.plist";
				LD_RUNPATH_SEARCH_PATHS = "$(inherited) @executable_path/Frameworks @executable_path/../../Frameworks";
				PRODUCT_BUNDLE_IDENTIFIER = net.kuert.enphase.watchkitapp.watchkitextension;
				PRODUCT_NAME = "${TARGET_NAME}";
				SDKROOT = watchos;
				SKIP_INSTALL = YES;
				TARGETED_DEVICE_FAMILY = 4;
				WATCHOS_DEPLOYMENT_TARGET = 2.0;
			};
			name = Release;
		};
		740F9A631BE34D6800035FB9 /* Debug */ = {
			isa = XCBuildConfiguration;
			buildSettings = {
				ASSETCATALOG_COMPILER_APPICON_NAME = AppIcon;
				CODE_SIGN_IDENTITY = "iPhone Developer";
				EMBEDDED_CONTENT_CONTAINS_SWIFT = YES;
				IBSC_MODULE = enphase_WatchKit_Extension;
				INFOPLIST_FILE = "enphase WatchKit App/Info.plist";
				PRODUCT_BUNDLE_IDENTIFIER = net.kuert.enphase.watchkitapp;
				PRODUCT_NAME = "$(TARGET_NAME)";
				SDKROOT = watchos;
				SKIP_INSTALL = YES;
				TARGETED_DEVICE_FAMILY = 4;
				WATCHOS_DEPLOYMENT_TARGET = 2.0;
			};
			name = Debug;
		};
		740F9A641BE34D6800035FB9 /* Release */ = {
			isa = XCBuildConfiguration;
			buildSettings = {
				ASSETCATALOG_COMPILER_APPICON_NAME = AppIcon;
				CODE_SIGN_IDENTITY = "iPhone Developer";
				EMBEDDED_CONTENT_CONTAINS_SWIFT = YES;
				IBSC_MODULE = enphase_WatchKit_Extension;
				INFOPLIST_FILE = "enphase WatchKit App/Info.plist";
				PRODUCT_BUNDLE_IDENTIFIER = net.kuert.enphase.watchkitapp;
				PRODUCT_NAME = "$(TARGET_NAME)";
				SDKROOT = watchos;
				SKIP_INSTALL = YES;
				TARGETED_DEVICE_FAMILY = 4;
				WATCHOS_DEPLOYMENT_TARGET = 2.0;
			};
			name = Release;
		};
		740F9A671BE34D6800035FB9 /* Debug */ = {
			isa = XCBuildConfiguration;
			buildSettings = {
				ASSETCATALOG_COMPILER_APPICON_NAME = AppIcon;
				INFOPLIST_FILE = enphase/Info.plist;
				LD_RUNPATH_SEARCH_PATHS = "$(inherited) @executable_path/Frameworks";
				PRODUCT_BUNDLE_IDENTIFIER = net.kuert.enphase;
				PRODUCT_NAME = "$(TARGET_NAME)";
			};
			name = Debug;
		};
		740F9A681BE34D6800035FB9 /* Release */ = {
			isa = XCBuildConfiguration;
			buildSettings = {
				ASSETCATALOG_COMPILER_APPICON_NAME = AppIcon;
				INFOPLIST_FILE = enphase/Info.plist;
				LD_RUNPATH_SEARCH_PATHS = "$(inherited) @executable_path/Frameworks";
				PRODUCT_BUNDLE_IDENTIFIER = net.kuert.enphase;
				PRODUCT_NAME = "$(TARGET_NAME)";
			};
			name = Release;
		};
		740F9A6A1BE34D6800035FB9 /* Debug */ = {
			isa = XCBuildConfiguration;
			buildSettings = {
				BUNDLE_LOADER = "$(TEST_HOST)";
				INFOPLIST_FILE = enphaseTests/Info.plist;
				LD_RUNPATH_SEARCH_PATHS = "$(inherited) @executable_path/Frameworks @loader_path/Frameworks";
				PRODUCT_BUNDLE_IDENTIFIER = net.kuert.enphaseTests;
				PRODUCT_NAME = "$(TARGET_NAME)";
				TEST_HOST = "$(BUILT_PRODUCTS_DIR)/enphase.app/enphase";
			};
			name = Debug;
		};
		740F9A6B1BE34D6800035FB9 /* Release */ = {
			isa = XCBuildConfiguration;
			buildSettings = {
				BUNDLE_LOADER = "$(TEST_HOST)";
				INFOPLIST_FILE = enphaseTests/Info.plist;
				LD_RUNPATH_SEARCH_PATHS = "$(inherited) @executable_path/Frameworks @loader_path/Frameworks";
				PRODUCT_BUNDLE_IDENTIFIER = net.kuert.enphaseTests;
				PRODUCT_NAME = "$(TARGET_NAME)";
				TEST_HOST = "$(BUILT_PRODUCTS_DIR)/enphase.app/enphase";
			};
			name = Release;
		};
		740F9A6D1BE34D6800035FB9 /* Debug */ = {
			isa = XCBuildConfiguration;
			buildSettings = {
				INFOPLIST_FILE = enphaseUITests/Info.plist;
				LD_RUNPATH_SEARCH_PATHS = "$(inherited) @executable_path/Frameworks @loader_path/Frameworks";
				PRODUCT_BUNDLE_IDENTIFIER = net.kuert.enphaseUITests;
				PRODUCT_NAME = "$(TARGET_NAME)";
				TEST_TARGET_NAME = enphase;
				USES_XCTRUNNER = YES;
			};
			name = Debug;
		};
		740F9A6E1BE34D6800035FB9 /* Release */ = {
			isa = XCBuildConfiguration;
			buildSettings = {
				INFOPLIST_FILE = enphaseUITests/Info.plist;
				LD_RUNPATH_SEARCH_PATHS = "$(inherited) @executable_path/Frameworks @loader_path/Frameworks";
				PRODUCT_BUNDLE_IDENTIFIER = net.kuert.enphaseUITests;
				PRODUCT_NAME = "$(TARGET_NAME)";
				TEST_TARGET_NAME = enphase;
				USES_XCTRUNNER = YES;
			};
			name = Release;
		};
/* End XCBuildConfiguration section */

/* Begin XCConfigurationList section */
		740F9A0C1BE34D6700035FB9 /* Build configuration list for PBXProject "enphase" */ = {
			isa = XCConfigurationList;
			buildConfigurations = (
				740F9A5C1BE34D6800035FB9 /* Debug */,
				740F9A5D1BE34D6800035FB9 /* Release */,
			);
			defaultConfigurationIsVisible = 0;
			defaultConfigurationName = Release;
		};
		740F9A5E1BE34D6800035FB9 /* Build configuration list for PBXNativeTarget "enphase WatchKit Extension" */ = {
			isa = XCConfigurationList;
			buildConfigurations = (
				740F9A5F1BE34D6800035FB9 /* Debug */,
				740F9A601BE34D6800035FB9 /* Release */,
			);
			defaultConfigurationIsVisible = 0;
			defaultConfigurationName = Release;
		};
		740F9A621BE34D6800035FB9 /* Build configuration list for PBXNativeTarget "enphase WatchKit App" */ = {
			isa = XCConfigurationList;
			buildConfigurations = (
				740F9A631BE34D6800035FB9 /* Debug */,
				740F9A641BE34D6800035FB9 /* Release */,
			);
			defaultConfigurationIsVisible = 0;
			defaultConfigurationName = Release;
		};
		740F9A661BE34D6800035FB9 /* Build configuration list for PBXNativeTarget "enphase" */ = {
			isa = XCConfigurationList;
			buildConfigurations = (
				740F9A671BE34D6800035FB9 /* Debug */,
				740F9A681BE34D6800035FB9 /* Release */,
			);
			defaultConfigurationIsVisible = 0;
			defaultConfigurationName = Release;
		};
		740F9A691BE34D6800035FB9 /* Build configuration list for PBXNativeTarget "enphaseTests" */ = {
			isa = XCConfigurationList;
			buildConfigurations = (
				740F9A6A1BE34D6800035FB9 /* Debug */,
				740F9A6B1BE34D6800035FB9 /* Release */,
			);
			defaultConfigurationIsVisible = 0;
			defaultConfigurationName = Release;
		};
		740F9A6C1BE34D6800035FB9 /* Build configuration list for PBXNativeTarget "enphaseUITests" */ = {
			isa = XCConfigurationList;
			buildConfigurations = (
				740F9A6D1BE34D6800035FB9 /* Debug */,
				740F9A6E1BE34D6800035FB9 /* Release */,
			);
			defaultConfigurationIsVisible = 0;
			defaultConfigurationName = Release;
		};
/* End XCConfigurationList section */
	};
	rootObject = 740F9A091BE34D6700035FB9 /* Project object */;
}
